// !$*UTF8*$!
{
	archiveVersion = 1;
	classes = {
	};
	objectVersion = 46;
	objects = {

/* Begin PBXBuildFile section */
		460070691E5C660C00512756 /* AppDelegate.swift in Sources */ = {isa = PBXBuildFile; fileRef = 460070681E5C660C00512756 /* AppDelegate.swift */; };
		4600706B1E5C660C00512756 /* ViewController.swift in Sources */ = {isa = PBXBuildFile; fileRef = 4600706A1E5C660C00512756 /* ViewController.swift */; };
		4600706E1E5C660C00512756 /* Main.storyboard in Resources */ = {isa = PBXBuildFile; fileRef = 4600706C1E5C660C00512756 /* Main.storyboard */; };
		460070701E5C660C00512756 /* Assets.xcassets in Resources */ = {isa = PBXBuildFile; fileRef = 4600706F1E5C660C00512756 /* Assets.xcassets */; };
		460070731E5C660C00512756 /* LaunchScreen.storyboard in Resources */ = {isa = PBXBuildFile; fileRef = 460070711E5C660C00512756 /* LaunchScreen.storyboard */; };
		4600707B1E5C6A1000512756 /* FirstViewController.swift in Sources */ = {isa = PBXBuildFile; fileRef = 4600707A1E5C6A1000512756 /* FirstViewController.swift */; };
		4600707D1E5C6E6E00512756 /* SecondViewController.swift in Sources */ = {isa = PBXBuildFile; fileRef = 4600707C1E5C6E6E00512756 /* SecondViewController.swift */; };
		4600707F1E5C6FC500512756 /* AuthViewController.swift in Sources */ = {isa = PBXBuildFile; fileRef = 4600707E1E5C6FC500512756 /* AuthViewController.swift */; };
/* End PBXBuildFile section */

/* Begin PBXFileReference section */
		460070651E5C660C00512756 /* myName.app */ = {isa = PBXFileReference; explicitFileType = wrapper.application; includeInIndex = 0; path = myName.app; sourceTree = BUILT_PRODUCTS_DIR; };
		460070681E5C660C00512756 /* AppDelegate.swift */ = {isa = PBXFileReference; lastKnownFileType = sourcecode.swift; path = AppDelegate.swift; sourceTree = "<group>"; };
		4600706A1E5C660C00512756 /* ViewController.swift */ = {isa = PBXFileReference; lastKnownFileType = sourcecode.swift; path = ViewController.swift; sourceTree = "<group>"; };
		4600706D1E5C660C00512756 /* Base */ = {isa = PBXFileReference; lastKnownFileType = file.storyboard; name = Base; path = Base.lproj/Main.storyboard; sourceTree = "<group>"; };
		4600706F1E5C660C00512756 /* Assets.xcassets */ = {isa = PBXFileReference; lastKnownFileType = folder.assetcatalog; path = Assets.xcassets; sourceTree = "<group>"; };
		460070721E5C660C00512756 /* Base */ = {isa = PBXFileReference; lastKnownFileType = file.storyboard; name = Base; path = Base.lproj/LaunchScreen.storyboard; sourceTree = "<group>"; };
		460070741E5C660C00512756 /* Info.plist */ = {isa = PBXFileReference; lastKnownFileType = text.plist.xml; path = Info.plist; sourceTree = "<group>"; };
		4600707A1E5C6A1000512756 /* FirstViewController.swift */ = {isa = PBXFileReference; fileEncoding = 4; lastKnownFileType = sourcecode.swift; path = FirstViewController.swift; sourceTree = "<group>"; };
		4600707C1E5C6E6E00512756 /* SecondViewController.swift */ = {isa = PBXFileReference; fileEncoding = 4; lastKnownFileType = sourcecode.swift; path = SecondViewController.swift; sourceTree = "<group>"; };
		4600707E1E5C6FC500512756 /* AuthViewController.swift */ = {isa = PBXFileReference; fileEncoding = 4; lastKnownFileType = sourcecode.swift; path = AuthViewController.swift; sourceTree = "<group>"; };
/* End PBXFileReference section */

/* Begin PBXFrameworksBuildPhase section */
		460070621E5C660C00512756 /* Frameworks */ = {
			isa = PBXFrameworksBuildPhase;
			buildActionMask = 2147483647;
			files = (
			);
			runOnlyForDeploymentPostprocessing = 0;
		};
/* End PBXFrameworksBuildPhase section */

/* Begin PBXGroup section */
		4600705C1E5C660C00512756 = {
			isa = PBXGroup;
			children = (
				460070671E5C660C00512756 /* myName */,
				460070661E5C660C00512756 /* Products */,
			);
			sourceTree = "<group>";
		};
		460070661E5C660C00512756 /* Products */ = {
			isa = PBXGroup;
			children = (
				460070651E5C660C00512756 /* myName.app */,
			);
			name = Products;
			sourceTree = "<group>";
		};
		460070671E5C660C00512756 /* myName */ = {
			isa = PBXGroup;
			children = (
				460070681E5C660C00512756 /* AppDelegate.swift */,
				4600706A1E5C660C00512756 /* ViewController.swift */,
				4600706C1E5C660C00512756 /* Main.storyboard */,
				4600706F1E5C660C00512756 /* Assets.xcassets */,
				460070711E5C660C00512756 /* LaunchScreen.storyboard */,
				460070741E5C660C00512756 /* Info.plist */,
				4600707A1E5C6A1000512756 /* FirstViewController.swift */,
				4600707C1E5C6E6E00512756 /* SecondViewController.swift */,
				4600707E1E5C6FC500512756 /* AuthViewController.swift */,
			);
			path = myName;
			sourceTree = "<group>";
		};
/* End PBXGroup section */

/* Begin PBXNativeTarget section */
		460070641E5C660C00512756 /* myName */ = {
			isa = PBXNativeTarget;
			buildConfigurationList = 460070771E5C660C00512756 /* Build configuration list for PBXNativeTarget "myName" */;
			buildPhases = (
				460070611E5C660C00512756 /* Sources */,
				460070621E5C660C00512756 /* Frameworks */,
				460070631E5C660C00512756 /* Resources */,
			);
			buildRules = (
			);
			dependencies = (
			);
			name = myName;
			productName = myName;
			productReference = 460070651E5C660C00512756 /* myName.app */;
			productType = "com.apple.product-type.application";
		};
/* End PBXNativeTarget section */

/* Begin PBXProject section */
		4600705D1E5C660C00512756 /* Project object */ = {
			isa = PBXProject;
			attributes = {
				LastSwiftUpdateCheck = 0820;
				LastUpgradeCheck = 0820;
				ORGANIZATIONNAME = "spiroux-web";
				TargetAttributes = {
					460070641E5C660C00512756 = {
						CreatedOnToolsVersion = 8.2.1;
						DevelopmentTeam = UGR28EXSQ5;
						ProvisioningStyle = Automatic;
					};
				};
			};
			buildConfigurationList = 460070601E5C660C00512756 /* Build configuration list for PBXProject "myName" */;
			compatibilityVersion = "Xcode 3.2";
			developmentRegion = English;
			hasScannedForEncodings = 0;
			knownRegions = (
				en,
				Base,
			);
			mainGroup = 4600705C1E5C660C00512756;
			productRefGroup = 460070661E5C660C00512756 /* Products */;
			projectDirPath = "";
			projectRoot = "";
			targets = (
				460070641E5C660C00512756 /* myName */,
			);
		};
/* End PBXProject section */

/* Begin PBXResourcesBuildPhase section */
		460070631E5C660C00512756 /* Resources */ = {
			isa = PBXResourcesBuildPhase;
			buildActionMask = 2147483647;
			files = (
				460070731E5C660C00512756 /* LaunchScreen.storyboard in Resources */,
				460070701E5C660C00512756 /* Assets.xcassets in Resources */,
				4600706E1E5C660C00512756 /* Main.storyboard in Resources */,
			);
			runOnlyForDeploymentPostprocessing = 0;
		};
/* End PBXResourcesBuildPhase section */

/* Begin PBXSourcesBuildPhase section */
		460070611E5C660C00512756 /* Sources */ = {
			isa = PBXSourcesBuildPhase;
			buildActionMask = 2147483647;
			files = (
				4600707D1E5C6E6E00512756 /* SecondViewController.swift in Sources */,
				4600707B1E5C6A1000512756 /* FirstViewController.swift in Sources */,
				4600707F1E5C6FC500512756 /* AuthViewController.swift in Sources */,
				4600706B1E5C660C00512756 /* ViewController.swift in Sources */,
				460070691E5C660C00512756 /* AppDelegate.swift in Sources */,
			);
			runOnlyForDeploymentPostprocessing = 0;
		};
/* End PBXSourcesBuildPhase section */

/* Begin PBXVariantGroup section */
		4600706C1E5C660C00512756 /* Main.storyboard */ = {
			isa = PBXVariantGroup;
			children = (
				4600706D1E5C660C00512756 /* Base */,
			);
			name = Main.storyboard;
			sourceTree = "<group>";
		};
		460070711E5C660C00512756 /* LaunchScreen.storyboard */ = {
			isa = PBXVariantGroup;
			children = (
				460070721E5C660C00512756 /* Base */,
			);
			name = LaunchScreen.storyboard;
			sourceTree = "<group>";
		};
/* End PBXVariantGroup section */

/* Begin XCBuildConfiguration section */
		460070751E5C660C00512756 /* Debug */ = {
			isa = XCBuildConfiguration;
			buildSettings = {
				ALWAYS_SEARCH_USER_PATHS = NO;
				CLANG_ANALYZER_NONNULL = YES;
				CLANG_CXX_LANGUAGE_STANDARD = "gnu++0x";
				CLANG_CXX_LIBRARY = "libc++";
				CLANG_ENABLE_MODULES = YES;
				CLANG_ENABLE_OBJC_ARC = YES;
				CLANG_WARN_BOOL_CONVERSION = YES;
				CLANG_WARN_CONSTANT_CONVERSION = YES;
				CLANG_WARN_DIRECT_OBJC_ISA_USAGE = YES_ERROR;
				CLANG_WARN_DOCUMENTATION_COMMENTS = YES;
				CLANG_WARN_EMPTY_BODY = YES;
				CLANG_WARN_ENUM_CONVERSION = YES;
				CLANG_WARN_INFINITE_RECURSION = YES;
				CLANG_WARN_INT_CONVERSION = YES;
				CLANG_WARN_OBJC_ROOT_CLASS = YES_ERROR;
				CLANG_WARN_SUSPICIOUS_MOVE = YES;
				CLANG_WARN_UNREACHABLE_CODE = YES;
				CLANG_WARN__DUPLICATE_METHOD_MATCH = YES;
				"CODE_SIGN_IDENTITY[sdk=iphoneos*]" = "iPhone Developer";
				COPY_PHASE_STRIP = NO;
				DEBUG_INFORMATION_FORMAT = dwarf;
				ENABLE_STRICT_OBJC_MSGSEND = YES;
				ENABLE_TESTABILITY = YES;
				GCC_C_LANGUAGE_STANDARD = gnu99;
				GCC_DYNAMIC_NO_PIC = NO;
				GCC_NO_COMMON_BLOCKS = YES;
				GCC_OPTIMIZATION_LEVEL = 0;
				GCC_PREPROCESSOR_DEFINITIONS = (
					"DEBUG=1",
					"$(inherited)",
				);
				GCC_WARN_64_TO_32_BIT_CONVERSION = YES;
				GCC_WARN_ABOUT_RETURN_TYPE = YES_ERROR;
				GCC_WARN_UNDECLARED_SELECTOR = YES;
				GCC_WARN_UNINITIALIZED_AUTOS = YES_AGGRESSIVE;
				GCC_WARN_UNUSED_FUNCTION = YES;
				GCC_WARN_UNUSED_VARIABLE = YES;
				IPHONEOS_DEPLOYMENT_TARGET = 10.2;
				MTL_ENABLE_DEBUG_INFO = YES;
				ONLY_ACTIVE_ARCH = YES;
				SDKROOT = iphoneos;
				SWIFT_ACTIVE_COMPILATION_CONDITIONS = DEBUG;
				SWIFT_OPTIMIZATION_LEVEL = "-Onone";
			};
			name = Debug;
		};
		460070761E5C660C00512756 /* Release */ = {
			isa = XCBuildConfiguration;
			buildSettings = {
				ALWAYS_SEARCH_USER_PATHS = NO;
				CLANG_ANALYZER_NONNULL = YES;
				CLANG_CXX_LANGUAGE_STANDARD = "gnu++0x";
				CLANG_CXX_LIBRARY = "libc++";
				CLANG_ENABLE_MODULES = YES;
				CLANG_ENABLE_OBJC_ARC = YES;
				CLANG_WARN_BOOL_CONVERSION = YES;
				CLANG_WARN_CONSTANT_CONVERSION = YES;
				CLANG_WARN_DIRECT_OBJC_ISA_USAGE = YES_ERROR;
				CLANG_WARN_DOCUMENTATION_COMMENTS = YES;
				CLANG_WARN_EMPTY_BODY = YES;
				CLANG_WARN_ENUM_CONVERSION = YES;
				CLANG_WARN_INFINITE_RECURSION = YES;
				CLANG_WARN_INT_CONVERSION = YES;
				CLANG_WARN_OBJC_ROOT_CLASS = YES_ERROR;
				CLANG_WARN_SUSPICIOUS_MOVE = YES;
				CLANG_WARN_UNREACHABLE_CODE = YES;
				CLANG_WARN__DUPLICATE_METHOD_MATCH = YES;
				"CODE_SIGN_IDENTITY[sdk=iphoneos*]" = "iPhone Developer";
				COPY_PHASE_STRIP = NO;
				DEBUG_INFORMATION_FORMAT = "dwarf-with-dsym";
				ENABLE_NS_ASSERTIONS = NO;
				ENABLE_STRICT_OBJC_MSGSEND = YES;
				GCC_C_LANGUAGE_STANDARD = gnu99;
				GCC_NO_COMMON_BLOCKS = YES;
				GCC_WARN_64_TO_32_BIT_CONVERSION = YES;
				GCC_WARN_ABOUT_RETURN_TYPE = YES_ERROR;
				GCC_WARN_UNDECLARED_SELECTOR = YES;
				GCC_WARN_UNINITIALIZED_AUTOS = YES_AGGRESSIVE;
				GCC_WARN_UNUSED_FUNCTION = YES;
				GCC_WARN_UNUSED_VARIABLE = YES;
				IPHONEOS_DEPLOYMENT_TARGET = 10.2;
				MTL_ENABLE_DEBUG_INFO = NO;
				SDKROOT = iphoneos;
				SWIFT_OPTIMIZATION_LEVEL = "-Owholemodule";
				VALIDATE_PRODUCT = YES;
			};
			name = Release;
		};
		460070781E5C660C00512756 /* Debug */ = {
			isa = XCBuildConfiguration;
			buildSettings = {
				ASSETCATALOG_COMPILER_APPICON_NAME = AppIcon;
				DEVELOPMENT_TEAM = UGR28EXSQ5;
				INFOPLIST_FILE = myName/Info.plist;
				LD_RUNPATH_SEARCH_PATHS = "$(inherited) @executable_path/Frameworks";
				PRODUCT_BUNDLE_IDENTIFIER = "fr.spiroux-web.myName";
				PRODUCT_NAME = "$(TARGET_NAME)";
				SWIFT_VERSION = 3.0;
			};
			name = Debug;
		};
		460070791E5C660C00512756 /* Release */ = {
			isa = XCBuildConfiguration;
			buildSettings = {
				ASSETCATALOG_COMPILER_APPICON_NAME = AppIcon;
				DEVELOPMENT_TEAM = UGR28EXSQ5;
				INFOPLIST_FILE = myName/Info.plist;
				LD_RUNPATH_SEARCH_PATHS = "$(inherited) @executable_path/Frameworks";
				PRODUCT_BUNDLE_IDENTIFIER = "fr.spiroux-web.myName";
				PRODUCT_NAME = "$(TARGET_NAME)";
				SWIFT_VERSION = 3.0;
			};
			name = Release;
		};
/* End XCBuildConfiguration section */

/* Begin XCConfigurationList section */
		460070601E5C660C00512756 /* Build configuration list for PBXProject "myName" */ = {
			isa = XCConfigurationList;
			buildConfigurations = (
				460070751E5C660C00512756 /* Debug */,
				460070761E5C660C00512756 /* Release */,
			);
			defaultConfigurationIsVisible = 0;
			defaultConfigurationName = Release;
		};
		460070771E5C660C00512756 /* Build configuration list for PBXNativeTarget "myName" */ = {
			isa = XCConfigurationList;
			buildConfigurations = (
				460070781E5C660C00512756 /* Debug */,
				460070791E5C660C00512756 /* Release */,
			);
			defaultConfigurationIsVisible = 0;
		};
/* End XCConfigurationList section */
	};
	rootObject = 4600705D1E5C660C00512756 /* Project object */;
}
